<?xml version="1.0" encoding="utf-8"?>
<Project ToolsVersion="4.0" xmlns="http://schemas.microsoft.com/developer/msbuild/2003">
  <ItemGroup>
    <Filter Include="Файлы исходного кода">
      <UniqueIdentifier>{4FC737F1-C7A5-4376-A066-2A32D752A2FF}</UniqueIdentifier>
      <Extensions>cpp;c;cc;cxx;def;odl;idl;hpj;bat;asm;asmx</Extensions>
    </Filter>
    <Filter Include="Заголовочные файлы">
      <UniqueIdentifier>{93995380-89BD-4b04-88EB-625FBE52EBFB}</UniqueIdentifier>
      <Extensions>h;hh;hpp;hxx;hm;inl;inc;xsd</Extensions>
    </Filter>
    <Filter Include="Файлы ресурсов">
      <UniqueIdentifier>{67DA6AB6-F800-4c08-8B7A-83BB121AAD01}</UniqueIdentifier>
      <Extensions>rc;ico;cur;bmp;dlg;rc2;rct;bin;rgs;gif;jpg;jpeg;jpe;resx;tiff;tif;png;wav;mfcribbon-ms</Extensions>
    </Filter>
    <Filter Include="Enviroment">
      <UniqueIdentifier>{30329be7-1aa3-4c83-b650-93b46f9c379c}</UniqueIdentifier>
    </Filter>
    <Filter Include="Engine">
      <UniqueIdentifier>{d6d6c90b-2c46-4a1c-8b18-f6c7c7363f3c}</UniqueIdentifier>
    </Filter>
    <Filter Include="ScriptEngine">
      <UniqueIdentifier>{5d026c38-d2e7-4a06-85d5-3af33d835cb7}</UniqueIdentifier>
    </Filter>
    <Filter Include="Objects">
      <UniqueIdentifier>{cad69b66-4191-4718-a72f-0b97ad5fa432}</UniqueIdentifier>
    </Filter>
    <Filter Include="GameMenu">
      <UniqueIdentifier>{5d62da6b-1187-4a9d-bb91-7e4e56181c55}</UniqueIdentifier>
    </Filter>
    <Filter Include="Adventure">
      <UniqueIdentifier>{d9b42055-73de-404a-a000-a92776962c59}</UniqueIdentifier>
    </Filter>
    <Filter Include="Adventure\Core">
      <UniqueIdentifier>{17c0416a-a010-4ef1-8249-ea2e7f2f9302}</UniqueIdentifier>
    </Filter>
    <Filter Include="WorldGenerator">
      <UniqueIdentifier>{c43bce3a-baf0-4582-9d85-c73b1cf75ea8}</UniqueIdentifier>
    </Filter>
    <Filter Include="Файлы ресурсов\Locales">
      <UniqueIdentifier>{db6b2cdc-b9a0-4314-a777-3bb91f773b5e}</UniqueIdentifier>
    </Filter>
    <Filter Include="ScriptEngine\Compiler">
      <UniqueIdentifier>{087cac6f-810b-4b13-ad92-4e4b5e1e39ee}</UniqueIdentifier>
    </Filter>
    <Filter Include="Adventure\UI">
      <UniqueIdentifier>{2a3ca394-ba26-4db3-9526-1cdeec9f3873}</UniqueIdentifier>
    </Filter>
    <Filter Include="Adventure\UI\General">
      <UniqueIdentifier>{38ca44f3-3534-434c-a9cc-b43d03ae120e}</UniqueIdentifier>
    </Filter>
    <Filter Include="Adventure\UI\Handlers">
      <UniqueIdentifier>{37e2aed1-fad3-49b8-9ace-daf04598bf32}</UniqueIdentifier>
    </Filter>
  </ItemGroup>
  <ItemGroup>
    <ClCompile Include="Main.cpp">
      <Filter>Файлы исходного кода</Filter>
    </ClCompile>
    <ClCompile Include="Source\game.cpp">
      <Filter>Engine</Filter>
    </ClCompile>
    <ClCompile Include="Source\enviroment.cpp">
      <Filter>Enviroment</Filter>
    </ClCompile>
    <ClCompile Include="Source\menuOverlay.cpp">
      <Filter>GameMenu</Filter>
    </ClCompile>
    <ClCompile Include="Source\preload.cpp">
      <Filter>Engine</Filter>
    </ClCompile>
    <ClCompile Include="Source\envUtils.cpp">
      <Filter>Enviroment</Filter>
    </ClCompile>
    <ClCompile Include="Source\loader.cpp">
      <Filter>Engine</Filter>
    </ClCompile>
    <ClCompile Include="Source\mainMenu.cpp">
      <Filter>GameMenu</Filter>
    </ClCompile>
    <ClCompile Include="Source\scriptSystem.cpp">
      <Filter>ScriptEngine</Filter>
    </ClCompile>
    <ClCompile Include="Source\scriptMemoryUtils.cpp">
      <Filter>ScriptEngine</Filter>
    </ClCompile>
    <ClCompile Include="Source\uiEventHandlers.cpp">
      <Filter>Engine</Filter>
    </ClCompile>
    <ClCompile Include="Source\scriptUtilsUI.cpp">
      <Filter>ScriptEngine</Filter>
    </ClCompile>
    <ClCompile Include="Source\enviromentVariablesAccess.cpp">
      <Filter>ScriptEngine</Filter>
    </ClCompile>
    <ClCompile Include="Source\adventureModeCore.cpp">
      <Filter>Adventure\Core</Filter>
    </ClCompile>
    <ClCompile Include="Source\sectorDrawUtility.cpp">
      <Filter>Adventure\Core</Filter>
    </ClCompile>
    <ClCompile Include="Source\generationUtility.cpp">
      <Filter>WorldGenerator</Filter>
    </ClCompile>
    <ClCompile Include="Source\worldGenerator.cpp">
      <Filter>WorldGenerator</Filter>
    </ClCompile>
    <ClCompile Include="Source\LocaleLoader.cpp">
      <Filter>Enviroment</Filter>
    </ClCompile>
    <ClCompile Include="Source\shipManagement.cpp">
      <Filter>Adventure\Core</Filter>
    </ClCompile>
    <ClCompile Include="Source\GameLogicCore.cpp">
      <Filter>Adventure\Core</Filter>
    </ClCompile>
    <ClCompile Include="Source\scriptCompiler.cpp">
      <Filter>ScriptEngine\Compiler</Filter>
    </ClCompile>
    <ClCompile Include="Source\scriptCompilerTemplates.cpp">
      <Filter>ScriptEngine\Compiler</Filter>
    </ClCompile>
    <ClCompile Include="Source\scriptCompilerUtilityParsers.cpp">
      <Filter>ScriptEngine\Compiler</Filter>
    </ClCompile>
    <ClCompile Include="Source\scriptWorkflowUtility.cpp">
      <Filter>ScriptEngine</Filter>
    </ClCompile>
    <ClCompile Include="Source\characterManagement.cpp">
      <Filter>Adventure\Core</Filter>
    </ClCompile>
    <ClCompile Include="Source\postUpdate.cpp">
      <Filter>Engine</Filter>
    </ClCompile>
    <ClCompile Include="Source\adventureUI.cpp">
      <Filter>Adventure\UI\General</Filter>
    </ClCompile>
    <ClCompile Include="Source\CraftUI.cpp">
      <Filter>Adventure\UI\General</Filter>
    </ClCompile>
    <ClCompile Include="Source\itemUtils.cpp">
      <Filter>Adventure\UI\General</Filter>
    </ClCompile>
    <ClCompile Include="Source\map.cpp">
      <Filter>Adventure\UI\General</Filter>
    </ClCompile>
    <ClCompile Include="Source\personEquipmentUI.cpp">
      <Filter>Adventure\UI\General</Filter>
    </ClCompile>
    <ClCompile Include="Source\shipModulesUI.cpp">
      <Filter>Adventure\UI\General</Filter>
    </ClCompile>
    <ClCompile Include="Source\tableInventory.cpp">
      <Filter>Adventure\UI\General</Filter>
    </ClCompile>
    <ClCompile Include="Source\UIExtensions.cpp">
      <Filter>Adventure\UI\General</Filter>
    </ClCompile>
    <ClCompile Include="Source\InventoryHandlers.cpp">
      <Filter>Adventure\UI\Handlers</Filter>
    </ClCompile>
    <ClCompile Include="Source\ShipHandlers.cpp">
      <Filter>Adventure\UI\Handlers</Filter>
    </ClCompile>
    <ClCompile Include="Source\PersonHandlers.cpp">
      <Filter>Adventure\UI\Handlers</Filter>
    </ClCompile>
  </ItemGroup>
  <ItemGroup>
    <ClInclude Include="Source\game.h">
      <Filter>Engine</Filter>
    </ClInclude>
    <ClInclude Include="Source\enviroment.h">
      <Filter>Enviroment</Filter>
    </ClInclude>
    <ClInclude Include="Source\scriptSystem.h">
      <Filter>ScriptEngine</Filter>
    </ClInclude>
    <ClInclude Include="Source\baseObject.h">
      <Filter>Objects</Filter>
    </ClInclude>
    <ClInclude Include="Source\scriptDescriptor.h">
      <Filter>ScriptEngine</Filter>
    </ClInclude>
    <ClInclude Include="Source\gamedata.h">
      <Filter>Enviroment</Filter>
    </ClInclude>
    <ClInclude Include="Source\graphics.h">
      <Filter>Enviroment</Filter>
    </ClInclude>
    <ClInclude Include="Source\menuOverlay.h">
      <Filter>GameMenu</Filter>
    </ClInclude>
    <ClInclude Include="Source\menuData.h">
      <Filter>GameMenu</Filter>
    </ClInclude>
    <ClInclude Include="Source\preload.h">
      <Filter>Engine</Filter>
    </ClInclude>
    <ClInclude Include="Source\graphicsModel.h">
      <Filter>Engine</Filter>
    </ClInclude>
    <ClInclude Include="Source\envUtils.h">
      <Filter>Enviroment</Filter>
    </ClInclude>
    <ClInclude Include="Source\loader.h">
      <Filter>Engine</Filter>
    </ClInclude>
    <ClInclude Include="Source\scriptTypes.h">
      <Filter>ScriptEngine</Filter>
    </ClInclude>
    <ClInclude Include="Source\valueObjects.h">
      <Filter>Objects</Filter>
    </ClInclude>
    <ClInclude Include="Source\mainMenu.h">
      <Filter>GameMenu</Filter>
    </ClInclude>
    <ClInclude Include="Source\scriptSystemData.h">
      <Filter>ScriptEngine</Filter>
    </ClInclude>
    <ClInclude Include="Source\scriptMemoryUtils.h">
      <Filter>ScriptEngine</Filter>
    </ClInclude>
    <ClInclude Include="Source\uiEventHandlers.h">
      <Filter>Engine</Filter>
    </ClInclude>
    <ClInclude Include="Source\scriptUtilsUI.h">
      <Filter>ScriptEngine</Filter>
    </ClInclude>
    <ClInclude Include="Source\scriptDescriptorGroups.h">
      <Filter>ScriptEngine</Filter>
    </ClInclude>
    <ClInclude Include="Source\adventureData.h">
      <Filter>Enviroment</Filter>
    </ClInclude>
    <ClInclude Include="Source\item.h">
      <Filter>Objects</Filter>
    </ClInclude>
    <ClInclude Include="Source\convertUtils.h">
      <Filter>ScriptEngine</Filter>
    </ClInclude>
    <ClInclude Include="Source\stringHashGenerator.h">
      <Filter>ScriptEngine</Filter>
    </ClInclude>
    <ClInclude Include="Source\enviromentVariablesAccess.h">
      <Filter>ScriptEngine</Filter>
    </ClInclude>
    <ClInclude Include="Source\playerData.h">
      <Filter>Enviroment</Filter>
    </ClInclude>
    <ClInclude Include="Source\accountData.h">
      <Filter>Enviroment</Filter>
    </ClInclude>
    <ClInclude Include="Source\ship.h">
      <Filter>Objects</Filter>
    </ClInclude>
    <ClInclude Include="Source\shipManagement.h">
      <Filter>Adventure\Core</Filter>
    </ClInclude>
    <ClInclude Include="Source\uiData.h">
      <Filter>Enviroment</Filter>
    </ClInclude>
    <ClInclude Include="Source\character.h">
      <Filter>Objects</Filter>
    </ClInclude>
    <ClInclude Include="Source\crewData.h">
      <Filter>Adventure\Core</Filter>
    </ClInclude>
    <ClInclude Include="Source\adventureModeCore.h">
      <Filter>Adventure\Core</Filter>
    </ClInclude>
    <ClInclude Include="Source\mapObjectsData.h">
      <Filter>Adventure\Core</Filter>
    </ClInclude>
    <ClInclude Include="Source\sectorDrawUtility.h">
      <Filter>Adventure\Core</Filter>
    </ClInclude>
    <ClInclude Include="Source\worldGenerator.h">
      <Filter>WorldGenerator</Filter>
    </ClInclude>
    <ClInclude Include="Source\generationUtility.h">
      <Filter>WorldGenerator</Filter>
    </ClInclude>
    <ClInclude Include="Source\sectorData.h">
      <Filter>WorldGenerator</Filter>
    </ClInclude>
    <ClInclude Include="Source\mapSectorPropertyTemplate.h">
      <Filter>WorldGenerator</Filter>
    </ClInclude>
    <ClInclude Include="Source\worldGeneratorData.h">
      <Filter>WorldGenerator</Filter>
    </ClInclude>
    <ClInclude Include="Source\generationUtility.h">
      <Filter>Заголовочные файлы</Filter>
    </ClInclude>
    <ClInclude Include="Source\worldGenerator.h">
      <Filter>Заголовочные файлы</Filter>
    </ClInclude>
    <ClInclude Include="Source\localization.h">
      <Filter>Enviroment</Filter>
    </ClInclude>
    <ClInclude Include="Source\LocaleLoader.h">
      <Filter>Enviroment</Filter>
    </ClInclude>
    <ClInclude Include="Source\stat.h">
      <Filter>Enviroment</Filter>
    </ClInclude>
    <ClInclude Include="Source\effect.h">
      <Filter>Objects</Filter>
    </ClInclude>
    <ClInclude Include="Source\gameLogic.h">
      <Filter>Enviroment</Filter>
    </ClInclude>
    <ClInclude Include="Source\GameLogicCore.h">
      <Filter>Adventure\Core</Filter>
    </ClInclude>
    <ClInclude Include="Source\compilerTemplatesFormat.h">
      <Filter>ScriptEngine\Compiler</Filter>
    </ClInclude>
    <ClInclude Include="Source\scriptCompiler.h">
      <Filter>ScriptEngine\Compiler</Filter>
    </ClInclude>
    <ClInclude Include="Source\scriptCompilerTemplates.h">
      <Filter>ScriptEngine\Compiler</Filter>
    </ClInclude>
    <ClInclude Include="Source\scriptCompilerUtilityParsers.h">
      <Filter>ScriptEngine\Compiler</Filter>
    </ClInclude>
    <ClInclude Include="Source\objectStorage.h">
      <Filter>Enviroment</Filter>
    </ClInclude>
    <ClInclude Include="Source\scriptWorkflowUtility.h">
      <Filter>ScriptEngine</Filter>
    </ClInclude>
    <ClInclude Include="Source\plan.h">
      <Filter>Objects</Filter>
    </ClInclude>
    <ClInclude Include="Source\characterManagement.h">
      <Filter>Adventure\Core</Filter>
    </ClInclude>
    <ClInclude Include="Source\passiveSkill.h">
      <Filter>Objects</Filter>
    </ClInclude>
    <ClInclude Include="Source\poolObject.h">
      <Filter>Objects</Filter>
    </ClInclude>
    <ClInclude Include="Source\sectorGeneratorTemplate.h">
      <Filter>WorldGenerator</Filter>
    </ClInclude>
    <ClInclude Include="Source\postUpdate.h">
      <Filter>Engine</Filter>
    </ClInclude>
    <ClInclude Include="Source\adventureUI.h">
      <Filter>Adventure\UI\General</Filter>
    </ClInclude>
    <ClInclude Include="Source\CraftUI.h">
      <Filter>Adventure\UI\General</Filter>
    </ClInclude>
    <ClInclude Include="Source\itemUtils.h">
      <Filter>Adventure\UI\General</Filter>
    </ClInclude>
    <ClInclude Include="Source\map.h">
      <Filter>Adventure\UI\General</Filter>
    </ClInclude>
    <ClInclude Include="Source\personEquipmentUI.h">
      <Filter>Adventure\UI\General</Filter>
    </ClInclude>
    <ClInclude Include="Source\shipModulesUI.h">
      <Filter>Adventure\UI\General</Filter>
    </ClInclude>
    <ClInclude Include="Source\tableInventory.h">
      <Filter>Adventure\UI\General</Filter>
    </ClInclude>
    <ClInclude Include="Source\UIExtensions.h">
      <Filter>Adventure\UI\General</Filter>
    </ClInclude>
    <ClInclude Include="Source\InventoryHandlers.h">
      <Filter>Adventure\UI\Handlers</Filter>
    </ClInclude>
    <ClInclude Include="Source\ShipHandlers.h">
      <Filter>Adventure\UI\Handlers</Filter>
    </ClInclude>
    <ClInclude Include="Source\PersonHandlers.h">
      <Filter>Adventure\UI\Handlers</Filter>
    </ClInclude>
    <ClInclude Include="Source\adventureUI.h">
      <Filter>Adventure\UI\General</Filter>
    </ClInclude>
  </ItemGroup>
  <ItemGroup>
    <Text Include="Resources\Localization\ru_ru.txt">
      <Filter>Файлы ресурсов\Locales</Filter>
    </Text>
    <Text Include="Resources\Scripts\Test\Test.esl">
      <Filter>Файлы ресурсов</Filter>
    </Text>
    <Text Include="Resources\Scripts\Test\Test2.esl">
      <Filter>Файлы ресурсов</Filter>
    </Text>
    <Text Include="Resources\Scripts\Test\TestCoreItem.esl">
      <Filter>Файлы ресурсов</Filter>
    </Text>
  </ItemGroup>
  <ItemGroup>
    <None Include="Resources\Scripts\ESL_CORE.esl">
      <Filter>Файлы ресурсов</Filter>
    </None>
  </ItemGroup>
</Project>